
Microsoft Visual Studio Solution File, Format Version 12.00
# Visual Studio Version 16
VisualStudioVersion = 16.0.29306.81
MinimumVisualStudioVersion = 10.0.40219.1
Project("{FAE04EC0-301F-11D3-BF4B-00C04F79EFBC}") = "Opdracht1", "Opdracht1\Opdracht1.csproj", "{97C69F59-18DA-40DD-AD80-430D5939C431}"
EndProject
Project("{FAE04EC0-301F-11D3-BF4B-00C04F79EFBC}") = "Opdracht2", "Opdracht2\Opdracht2.csproj", "{1917C9C5-AABA-4601-B6C6-5073C8AF3666}"
EndProject
Global
	GlobalSection(SolutionConfigurationPlatforms) = preSolution
		Debug|Any CPU = Debug|Any CPU
		Release|Any CPU = Release|Any CPU
	EndGlobalSection
	GlobalSection(ProjectConfigurationPlatforms) = postSolution
		{97C69F59-18DA-40DD-AD80-430D5939C431}.Debug|Any CPU.ActiveCfg = Debug|Any CPU
		{97C69F59-18DA-40DD-AD80-430D5939C431}.Debug|Any CPU.Build.0 = Debug|Any CPU
		{97C69F59-18DA-40DD-AD80-430D5939C431}.Release|Any CPU.ActiveCfg = Release|Any CPU
		{97C69F59-18DA-40DD-AD80-430D5939C431}.Release|Any CPU.Build.0 = Release|Any CPU
		{1917C9C5-AABA-4601-B6C6-5073C8AF3666}.Debug|Any CPU.ActiveCfg = Debug|Any CPU
		{1917C9C5-AABA-4601-B6C6-5073C8AF3666}.Debug|Any CPU.Build.0 = Debug|Any CPU
		{1917C9C5-AABA-4601-B6C6-5073C8AF3666}.Release|Any CPU.ActiveCfg = Release|Any CPU
		{1917C9C5-AABA-4601-B6C6-5073C8AF3666}.Release|Any CPU.Build.0 = Release|Any CPU
	EndGlobalSection
	GlobalSection(SolutionProperties) = preSolution
		HideSolutionNode = FALSE
	EndGlobalSection
	GlobalSection(ExtensibilityGlobals) = postSolution
		SolutionGuid = {31410605-0E71-466F-9D7C-7FBEAB18C3DB}
	EndGlobalSection
EndGlobal
